
Microsoft Visual Studio Solution File, Format Version 12.00
# Visual Studio Version 17
VisualStudioVersion = 17.7.34031.279
MinimumVisualStudioVersion = 10.0.40219.1
Project("{FAE04EC0-301F-11D3-BF4B-00C04F79EFBC}") = "WebAPI", "WebAPI.csproj", "{3B4EC583-F26D-4618-B155-CB6FA22B1371}"
EndProject
Project("{FAE04EC0-301F-11D3-BF4B-00C04F79EFBC}") = "Ciurca_Radu_Lab11", "..\Ciurca_Radu_Lab11\Ciurca_Radu_Lab11.csproj", "{E2E1AA3C-DA56-46C5-8885-9918E909FE9A}"
EndProject
Global
	GlobalSection(SolutionConfigurationPlatforms) = preSolution
		Debug|Any CPU = Debug|Any CPU
		Release|Any CPU = Release|Any CPU
	EndGlobalSection
	GlobalSection(ProjectConfigurationPlatforms) = postSolution
		{3B4EC583-F26D-4618-B155-CB6FA22B1371}.Debug|Any CPU.ActiveCfg = Debug|Any CPU
		{3B4EC583-F26D-4618-B155-CB6FA22B1371}.Debug|Any CPU.Build.0 = Debug|Any CPU
		{3B4EC583-F26D-4618-B155-CB6FA22B1371}.Release|Any CPU.ActiveCfg = Release|Any CPU
		{3B4EC583-F26D-4618-B155-CB6FA22B1371}.Release|Any CPU.Build.0 = Release|Any CPU
		{E2E1AA3C-DA56-46C5-8885-9918E909FE9A}.Debug|Any CPU.ActiveCfg = Debug|Any CPU
		{E2E1AA3C-DA56-46C5-8885-9918E909FE9A}.Debug|Any CPU.Build.0 = Debug|Any CPU
		{E2E1AA3C-DA56-46C5-8885-9918E909FE9A}.Debug|Any CPU.Deploy.0 = Debug|Any CPU
		{E2E1AA3C-DA56-46C5-8885-9918E909FE9A}.Release|Any CPU.ActiveCfg = Release|Any CPU
		{E2E1AA3C-DA56-46C5-8885-9918E909FE9A}.Release|Any CPU.Build.0 = Release|Any CPU
		{E2E1AA3C-DA56-46C5-8885-9918E909FE9A}.Release|Any CPU.Deploy.0 = Release|Any CPU
	EndGlobalSection
	GlobalSection(SolutionProperties) = preSolution
		HideSolutionNode = FALSE
	EndGlobalSection
	GlobalSection(ExtensibilityGlobals) = postSolution
		SolutionGuid = {049CE373-C5AD-4827-BB0A-F3D8054B1048}
	EndGlobalSection
EndGlobal
